
Microsoft Visual Studio Solution File, Format Version 12.00
# Visual Studio 15
Project("{FAE04EC0-301F-11D3-BF4B-00C04F79EFBC}") = "Assembly-CSharp", "Assembly-CSharp.csproj", "{AAD38121-E647-EA6E-501F-E0A0996B8127}"
EndProject
Global
	GlobalSection(SolutionConfigurationPlatforms) = preSolution
		Debug|Any CPU = Debug|Any CPU
		Release|Any CPU = Release|Any CPU
	EndGlobalSection
	GlobalSection(ProjectConfigurationPlatforms) = postSolution
		{AAD38121-E647-EA6E-501F-E0A0996B8127}.Debug|Any CPU.ActiveCfg = Debug|Any CPU
		{AAD38121-E647-EA6E-501F-E0A0996B8127}.Debug|Any CPU.Build.0 = Debug|Any CPU
		{AAD38121-E647-EA6E-501F-E0A0996B8127}.Release|Any CPU.ActiveCfg = Release|Any CPU
		{AAD38121-E647-EA6E-501F-E0A0996B8127}.Release|Any CPU.Build.0 = Release|Any CPU
	EndGlobalSection
	GlobalSection(SolutionProperties) = preSolution
		HideSolutionNode = FALSE
	EndGlobalSection
EndGlobal
